// !$*UTF8*$!
{
	archiveVersion = 1;
	classes = {
	};
	objectVersion = 48;
	objects = {

/* Begin PBXBuildFile section */
		8253FFCE2154FC5700854016 /* AppDelegate.swift in Sources */ = {isa = PBXBuildFile; fileRef = 8253FFCD2154FC5700854016 /* AppDelegate.swift */; };
		8253FFD02154FC5700854016 /* ViewController.swift in Sources */ = {isa = PBXBuildFile; fileRef = 8253FFCF2154FC5700854016 /* ViewController.swift */; };
		8253FFD32154FC5700854016 /* Main.storyboard in Resources */ = {isa = PBXBuildFile; fileRef = 8253FFD12154FC5700854016 /* Main.storyboard */; };
		8253FFD52154FC5700854016 /* Assets.xcassets in Resources */ = {isa = PBXBuildFile; fileRef = 8253FFD42154FC5700854016 /* Assets.xcassets */; };
		8253FFD82154FC5700854016 /* LaunchScreen.storyboard in Resources */ = {isa = PBXBuildFile; fileRef = 8253FFD62154FC5700854016 /* LaunchScreen.storyboard */; };
		8253FFE02155391800854016 /* TableViewCell.swift in Sources */ = {isa = PBXBuildFile; fileRef = 8253FFDF2155391800854016 /* TableViewCell.swift */; };
		8253FFE221553DB100854016 /* CustomCell.swift in Sources */ = {isa = PBXBuildFile; fileRef = 8253FFE121553DB100854016 /* CustomCell.swift */; };
		8253FFE4215568E500854016 /* AddPersonViewController.swift in Sources */ = {isa = PBXBuildFile; fileRef = 8253FFE3215568E500854016 /* AddPersonViewController.swift */; };
/* End PBXBuildFile section */

/* Begin PBXFileReference section */
		8253FFCA2154FC5700854016 /* deathNote.app */ = {isa = PBXFileReference; explicitFileType = wrapper.application; includeInIndex = 0; path = deathNote.app; sourceTree = BUILT_PRODUCTS_DIR; };
		8253FFCD2154FC5700854016 /* AppDelegate.swift */ = {isa = PBXFileReference; lastKnownFileType = sourcecode.swift; path = AppDelegate.swift; sourceTree = "<group>"; };
		8253FFCF2154FC5700854016 /* ViewController.swift */ = {isa = PBXFileReference; lastKnownFileType = sourcecode.swift; path = ViewController.swift; sourceTree = "<group>"; };
		8253FFD22154FC5700854016 /* Base */ = {isa = PBXFileReference; lastKnownFileType = file.storyboard; name = Base; path = Base.lproj/Main.storyboard; sourceTree = "<group>"; };
		8253FFD42154FC5700854016 /* Assets.xcassets */ = {isa = PBXFileReference; lastKnownFileType = folder.assetcatalog; path = Assets.xcassets; sourceTree = "<group>"; };
		8253FFD72154FC5700854016 /* Base */ = {isa = PBXFileReference; lastKnownFileType = file.storyboard; name = Base; path = Base.lproj/LaunchScreen.storyboard; sourceTree = "<group>"; };
		8253FFD92154FC5700854016 /* Info.plist */ = {isa = PBXFileReference; lastKnownFileType = text.plist.xml; path = Info.plist; sourceTree = "<group>"; };
		8253FFDF2155391800854016 /* TableViewCell.swift */ = {isa = PBXFileReference; lastKnownFileType = sourcecode.swift; path = TableViewCell.swift; sourceTree = "<group>"; };
		8253FFE121553DB100854016 /* CustomCell.swift */ = {isa = PBXFileReference; lastKnownFileType = sourcecode.swift; path = CustomCell.swift; sourceTree = "<group>"; };
		8253FFE3215568E500854016 /* AddPersonViewController.swift */ = {isa = PBXFileReference; lastKnownFileType = sourcecode.swift; path = AddPersonViewController.swift; sourceTree = "<group>"; };
/* End PBXFileReference section */

/* Begin PBXFrameworksBuildPhase section */
		8253FFC72154FC5700854016 /* Frameworks */ = {
			isa = PBXFrameworksBuildPhase;
			buildActionMask = 2147483647;
			files = (
			);
			runOnlyForDeploymentPostprocessing = 0;
		};
/* End PBXFrameworksBuildPhase section */

/* Begin PBXGroup section */
		8253FFC12154FC5700854016 = {
			isa = PBXGroup;
			children = (
				8253FFCC2154FC5700854016 /* deathNote */,
				8253FFCB2154FC5700854016 /* Products */,
			);
			sourceTree = "<group>";
		};
		8253FFCB2154FC5700854016 /* Products */ = {
			isa = PBXGroup;
			children = (
				8253FFCA2154FC5700854016 /* deathNote.app */,
			);
			name = Products;
			sourceTree = "<group>";
		};
		8253FFCC2154FC5700854016 /* deathNote */ = {
			isa = PBXGroup;
			children = (
				8253FFCD2154FC5700854016 /* AppDelegate.swift */,
				8253FFCF2154FC5700854016 /* ViewController.swift */,
				8253FFE3215568E500854016 /* AddPersonViewController.swift */,
				8253FFD12154FC5700854016 /* Main.storyboard */,
				8253FFE121553DB100854016 /* CustomCell.swift */,
				8253FFDF2155391800854016 /* TableViewCell.swift */,
				8253FFD42154FC5700854016 /* Assets.xcassets */,
				8253FFD62154FC5700854016 /* LaunchScreen.storyboard */,
				8253FFD92154FC5700854016 /* Info.plist */,
			);
			path = deathNote;
			sourceTree = "<group>";
		};
/* End PBXGroup section */

/* Begin PBXNativeTarget section */
		8253FFC92154FC5700854016 /* deathNote */ = {
			isa = PBXNativeTarget;
			buildConfigurationList = 8253FFDC2154FC5700854016 /* Build configuration list for PBXNativeTarget "deathNote" */;
			buildPhases = (
				8253FFC62154FC5700854016 /* Sources */,
				8253FFC72154FC5700854016 /* Frameworks */,
				8253FFC82154FC5700854016 /* Resources */,
			);
			buildRules = (
			);
			dependencies = (
			);
			name = deathNote;
			productName = deathNote;
			productReference = 8253FFCA2154FC5700854016 /* deathNote.app */;
			productType = "com.apple.product-type.application";
		};
/* End PBXNativeTarget section */

/* Begin PBXProject section */
		8253FFC22154FC5700854016 /* Project object */ = {
			isa = PBXProject;
			attributes = {
				LastSwiftUpdateCheck = 0920;
				LastUpgradeCheck = 1320;
				ORGANIZATIONNAME = "Nordine Sayah";
				TargetAttributes = {
					8253FFC92154FC5700854016 = {
						CreatedOnToolsVersion = 9.2;
						LastSwiftMigration = 1320;
						ProvisioningStyle = Automatic;
					};
				};
			};
			buildConfigurationList = 8253FFC52154FC5700854016 /* Build configuration list for PBXProject "deathNote" */;
			compatibilityVersion = "Xcode 8.0";
			developmentRegion = en;
			hasScannedForEncodings = 0;
			knownRegions = (
				en,
				Base,
			);
			mainGroup = 8253FFC12154FC5700854016;
			productRefGroup = 8253FFCB2154FC5700854016 /* Products */;
			projectDirPath = "";
			projectRoot = "";
			targets = (
				8253FFC92154FC5700854016 /* deathNote */,
			);
		};
/* End PBXProject section */

/* Begin PBXResourcesBuildPhase section */
		8253FFC82154FC5700854016 /* Resources */ = {
			isa = PBXResourcesBuildPhase;
			buildActionMask = 2147483647;
			files = (
				8253FFD82154FC5700854016 /* LaunchScreen.storyboard in Resources */,
				8253FFD52154FC5700854016 /* Assets.xcassets in Resources */,
				8253FFD32154FC5700854016 /* Main.storyboard in Resources */,
			);
			runOnlyForDeploymentPostprocessing = 0;
		};
/* End PBXResourcesBuildPhase section */

/* Begin PBXSourcesBuildPhase section */
		8253FFC62154FC5700854016 /* Sources */ = {
			isa = PBXSourcesBuildPhase;
			buildActionMask = 2147483647;
			files = (
				8253FFD02154FC5700854016 /* ViewController.swift in Sources */,
				8253FFE02155391800854016 /* TableViewCell.swift in Sources */,
				8253FFE221553DB100854016 /* CustomCell.swift in Sources */,
				8253FFCE2154FC5700854016 /* AppDelegate.swift in Sources */,
				8253FFE4215568E500854016 /* AddPersonViewController.swift in Sources */,
			);
			runOnlyForDeploymentPostprocessing = 0;
		};
/* End PBXSourcesBuildPhase section */

/* Begin PBXVariantGroup section */
		8253FFD12154FC5700854016 /* Main.storyboard */ = {
			isa = PBXVariantGroup;
			children = (
				8253FFD22154FC5700854016 /* Base */,
			);
			name = Main.storyboard;
			sourceTree = "<group>";
		};
		8253FFD62154FC5700854016 /* LaunchScreen.storyboard */ = {
			isa = PBXVariantGroup;
			children = (
				8253FFD72154FC5700854016 /* Base */,
			);
			name = LaunchScreen.storyboard;
			sourceTree = "<group>";
		};
/* End PBXVariantGroup section */

/* Begin XCBuildConfiguration section */
		8253FFDA2154FC5700854016 /* Debug */ = {
			isa = XCBuildConfiguration;
			buildSettings = {
				ALWAYS_SEARCH_USER_PATHS = NO;
				CLANG_ANALYZER_NONNULL = YES;
				CLANG_ANALYZER_NUMBER_OBJECT_CONVERSION = YES_AGGRESSIVE;
				CLANG_CXX_LANGUAGE_STANDARD = "gnu++14";
				CLANG_CXX_LIBRARY = "libc++";
				CLANG_ENABLE_MODULES = YES;
				CLANG_ENABLE_OBJC_ARC = YES;
				CLANG_WARN_BLOCK_CAPTURE_AUTORELEASING = YES;
				CLANG_WARN_BOOL_CONVERSION = YES;
				CLANG_WARN_COMMA = YES;
				CLANG_WARN_CONSTANT_CONVERSION = YES;
				CLANG_WARN_DEPRECATED_OBJC_IMPLEMENTATIONS = YES;
				CLANG_WARN_DIRECT_OBJC_ISA_USAGE = YES_ERROR;
				CLANG_WARN_DOCUMENTATION_COMMENTS = YES;
				CLANG_WARN_EMPTY_BODY = YES;
				CLANG_WARN_ENUM_CONVERSION = YES;
				CLANG_WARN_INFINITE_RECURSION = YES;
				CLANG_WARN_INT_CONVERSION = YES;
				CLANG_WARN_NON_LITERAL_NULL_CONVERSION = YES;
				CLANG_WARN_OBJC_IMPLICIT_RETAIN_SELF = YES;
				CLANG_WARN_OBJC_LITERAL_CONVERSION = YES;
				CLANG_WARN_OBJC_ROOT_CLASS = YES_ERROR;
				CLANG_WARN_QUOTED_INCLUDE_IN_FRAMEWORK_HEADER = YES;
				CLANG_WARN_RANGE_LOOP_ANALYSIS = YES;
				CLANG_WARN_STRICT_PROTOTYPES = YES;
				CLANG_WARN_SUSPICIOUS_MOVE = YES;
				CLANG_WARN_UNGUARDED_AVAILABILITY = YES_AGGRESSIVE;
				CLANG_WARN_UNREACHABLE_CODE = YES;
				CLANG_WARN__DUPLICATE_METHOD_MATCH = YES;
				CODE_SIGN_IDENTITY = "iPhone Developer";
				COPY_PHASE_STRIP = NO;
				DEBUG_INFORMATION_FORMAT = dwarf;
				ENABLE_STRICT_OBJC_MSGSEND = YES;
				ENABLE_TESTABILITY = YES;
				GCC_C_LANGUAGE_STANDARD = gnu11;
				GCC_DYNAMIC_NO_PIC = NO;
				GCC_NO_COMMON_BLOCKS = YES;
				GCC_OPTIMIZATION_LEVEL = 0;
				GCC_PREPROCESSOR_DEFINITIONS = (
					"DEBUG=1",
					"$(inherited)",
				);
				GCC_WARN_64_TO_32_BIT_CONVERSION = YES;
				GCC_WARN_ABOUT_RETURN_TYPE = YES_ERROR;
				GCC_WARN_UNDECLARED_SELECTOR = YES;
				GCC_WARN_UNINITIALIZED_AUTOS = YES_AGGRESSIVE;
				GCC_WARN_UNUSED_FUNCTION = YES;
				GCC_WARN_UNUSED_VARIABLE = YES;
				IPHONEOS_DEPLOYMENT_TARGET = 12.0;
				MTL_ENABLE_DEBUG_INFO = YES;
				ONLY_ACTIVE_ARCH = YES;
				SDKROOT = iphoneos;
				SWIFT_ACTIVE_COMPILATION_CONDITIONS = DEBUG;
				SWIFT_OPTIMIZATION_LEVEL = "-Onone";
			};
			name = Debug;
		};
		8253FFDB2154FC5700854016 /* Release */ = {
			isa = XCBuildConfiguration;
			buildSettings = {
				ALWAYS_SEARCH_USER_PATHS = NO;
				CLANG_ANALYZER_NONNULL = YES;
				CLANG_ANALYZER_NUMBER_OBJECT_CONVERSION = YES_AGGRESSIVE;
				CLANG_CXX_LANGUAGE_STANDARD = "gnu++14";
				CLANG_CXX_LIBRARY = "libc++";
				CLANG_ENABLE_MODULES = YES;
				CLANG_ENABLE_OBJC_ARC = YES;
				CLANG_WARN_BLOCK_CAPTURE_AUTORELEASING = YES;
				CLANG_WARN_BOOL_CONVERSION = YES;
				CLANG_WARN_COMMA = YES;
				CLANG_WARN_CONSTANT_CONVERSION = YES;
				CLANG_WARN_DEPRECATED_OBJC_IMPLEMENTATIONS = YES;
				CLANG_WARN_DIRECT_OBJC_ISA_USAGE = YES_ERROR;
				CLANG_WARN_DOCUMENTATION_COMMENTS = YES;
				CLANG_WARN_EMPTY_BODY = YES;
				CLANG_WARN_ENUM_CONVERSION = YES;
				CLANG_WARN_INFINITE_RECURSION = YES;
				CLANG_WARN_INT_CONVERSION = YES;
				CLANG_WARN_NON_LITERAL_NULL_CONVERSION = YES;
				CLANG_WARN_OBJC_IMPLICIT_RETAIN_SELF = YES;
				CLANG_WARN_OBJC_LITERAL_CONVERSION = YES;
				CLANG_WARN_OBJC_ROOT_CLASS = YES_ERROR;
				CLANG_WARN_QUOTED_INCLUDE_IN_FRAMEWORK_HEADER = YES;
				CLANG_WARN_RANGE_LOOP_ANALYSIS = YES;
				CLANG_WARN_STRICT_PROTOTYPES = YES;
				CLANG_WARN_SUSPICIOUS_MOVE = YES;
				CLANG_WARN_UNGUARDED_AVAILABILITY = YES_AGGRESSIVE;
				CLANG_WARN_UNREACHABLE_CODE = YES;
				CLANG_WARN__DUPLICATE_METHOD_MATCH = YES;
				CODE_SIGN_IDENTITY = "iPhone Developer";
				COPY_PHASE_STRIP = NO;
				DEBUG_INFORMATION_FORMAT = "dwarf-with-dsym";
				ENABLE_NS_ASSERTIONS = NO;
				ENABLE_STRICT_OBJC_MSGSEND = YES;
				GCC_C_LANGUAGE_STANDARD = gnu11;
				GCC_NO_COMMON_BLOCKS = YES;
				GCC_WARN_64_TO_32_BIT_CONVERSION = YES;
				GCC_WARN_ABOUT_RETURN_TYPE = YES_ERROR;
				GCC_WARN_UNDECLARED_SELECTOR = YES;
				GCC_WARN_UNINITIALIZED_AUTOS = YES_AGGRESSIVE;
				GCC_WARN_UNUSED_FUNCTION = YES;
				GCC_WARN_UNUSED_VARIABLE = YES;
				IPHONEOS_DEPLOYMENT_TARGET = 12.0;
				MTL_ENABLE_DEBUG_INFO = NO;
				SDKROOT = iphoneos;
				SWIFT_OPTIMIZATION_LEVEL = "-Owholemodule";
				VALIDATE_PRODUCT = YES;
			};
			name = Release;
		};
		8253FFDD2154FC5700854016 /* Debug */ = {
			isa = XCBuildConfiguration;
			buildSettings = {
				ASSETCATALOG_COMPILER_APPICON_NAME = AppIcon;
				CODE_SIGN_STYLE = Automatic;
				DEVELOPMENT_TEAM = R8EXCH62RB;
				INFOPLIST_FILE = deathNote/Info.plist;
				LD_RUNPATH_SEARCH_PATHS = "$(inherited) @executable_path/Frameworks";
				PRODUCT_BUNDLE_IDENTIFIER = nsayah.com.deathNote;
				PRODUCT_NAME = "$(TARGET_NAME)";
				SWIFT_VERSION = 5.0;
				TARGETED_DEVICE_FAMILY = "1,2";
			};
			name = Debug;
		};
		8253FFDE2154FC5700854016 /* Release */ = {
			isa = XCBuildConfiguration;
			buildSettings = {
				ASSETCATALOG_COMPILER_APPICON_NAME = AppIcon;
				CODE_SIGN_STYLE = Automatic;
				DEVELOPMENT_TEAM = R8EXCH62RB;
				INFOPLIST_FILE = deathNote/Info.plist;
				LD_RUNPATH_SEARCH_PATHS = "$(inherited) @executable_path/Frameworks";
				PRODUCT_BUNDLE_IDENTIFIER = nsayah.com.deathNote;
				PRODUCT_NAME = "$(TARGET_NAME)";
				SWIFT_VERSION = 5.0;
				TARGETED_DEVICE_FAMILY = "1,2";
			};
			name = Release;
		};
/* End XCBuildConfiguration section */

/* Begin XCConfigurationList section */
		8253FFC52154FC5700854016 /* Build configuration list for PBXProject "deathNote" */ = {
			isa = XCConfigurationList;
			buildConfigurations = (
				8253FFDA2154FC5700854016 /* Debug */,
				8253FFDB2154FC5700854016 /* Release */,
			);
			defaultConfigurationIsVisible = 0;
			defaultConfigurationName = Release;
		};
		8253FFDC2154FC5700854016 /* Build configuration list for PBXNativeTarget "deathNote" */ = {
			isa = XCConfigurationList;
			buildConfigurations = (
				8253FFDD2154FC5700854016 /* Debug */,
				8253FFDE2154FC5700854016 /* Release */,
			);
			defaultConfigurationIsVisible = 0;
			defaultConfigurationName = Release;
		};
/* End XCConfigurationList section */
	};
	rootObject = 8253FFC22154FC5700854016 /* Project object */;
}
